
Microsoft Visual Studio Solution File, Format Version 12.00
# Visual Studio Version 17
VisualStudioVersion = 17.5.33516.290
MinimumVisualStudioVersion = 10.0.40219.1
Project("{FAE04EC0-301F-11D3-BF4B-00C04F79EFBC}") = "ApiGateway.Core", "ApiGateway.Core\ApiGateway.Core.csproj", "{CA5B3014-BA5B-4EE2-8262-4C855F83D4D4}"
EndProject
Global
	GlobalSection(SolutionConfigurationPlatforms) = preSolution
		Debug|Any CPU = Debug|Any CPU
		Release|Any CPU = Release|Any CPU
	EndGlobalSection
	GlobalSection(ProjectConfigurationPlatforms) = postSolution
		{CA5B3014-BA5B-4EE2-8262-4C855F83D4D4}.Debug|Any CPU.ActiveCfg = Debug|Any CPU
		{CA5B3014-BA5B-4EE2-8262-4C855F83D4D4}.Debug|Any CPU.Build.0 = Debug|Any CPU
		{CA5B3014-BA5B-4EE2-8262-4C855F83D4D4}.Release|Any CPU.ActiveCfg = Release|Any CPU
		{CA5B3014-BA5B-4EE2-8262-4C855F83D4D4}.Release|Any CPU.Build.0 = Release|Any CPU
	EndGlobalSection
	GlobalSection(SolutionProperties) = preSolution
		HideSolutionNode = FALSE
	EndGlobalSection
	GlobalSection(ExtensibilityGlobals) = postSolution
		SolutionGuid = {97B13734-4609-412E-8083-E9CFD5649328}
	EndGlobalSection
EndGlobal
